PODS:
  - IronSourceAdQualitySDK (9.1.0)
  - IronSourceSDK (9.1.0.0):
    - IronSourceSDK/AdQuality (= 9.1.0.0)
    - IronSourceSDK/Ads (= 9.1.0.0)
  - IronSourceSDK/AdQuality (9.1.0.0):
    - IronSourceAdQualitySDK (~> 9.1.0)
  - IronSourceSDK/Ads (9.1.0.0)
  - IronSourceUnityAdsAdapter (5.3.0.0):
    - IronSourceSDK/Ads (~> 9.0)
    - UnityAds (= 4.16.4)
  - UnityAds (4.16.4)

DEPENDENCIES:
  - IronSourceSDK (= 9.1.0.0)
  - IronSourceUnityAdsAdapter (= 5.3.0.0)

SPEC REPOS:
  https://github.com/CocoaPods/Specs:
    - IronSourceAdQualitySDK
    - IronSourceSDK
    - IronSourceUnityAdsAdapter
    - UnityAds
  trunk:
    - IronSourceSDK

SPEC CHECKSUMS:
  IronSourceAdQualitySDK: 004e42fe12e9e95a0665eaf35ac852a73a757d10
  IronSourceSDK: 42f7abe6ab74a76d27d9325718471ebe72dde3d2
  IronSourceUnityAdsAdapter: e159ed615130e7623b2f9802bfd612fa146984e4
  UnityAds: 91a5d786c1e79fcbf702c525af4700158aeb36c8

PODFILE CHECKSUM: 1c5f1afe3cf4f203da83f9b6d42d9331d88f58b9

COCOAPODS: 1.16.2
